// !$*UTF8*$!
{
	archiveVersion = 1;
	classes = {
	};
	objectVersion = 48;
	objects = {

/* Begin PBXBuildFile section */
		2E471AFD1FAFEDAD00C23FB5 /* GalleryImageCellTests.swift in Sources */ = {isa = PBXBuildFile; fileRef = 2E471AFC1FAFEDAD00C23FB5 /* GalleryImageCellTests.swift */; };
		2EAB132F1FAF42EE00F9BFE3 /* AppDelegate.swift in Sources */ = {isa = PBXBuildFile; fileRef = 2EAB132E1FAF42EE00F9BFE3 /* AppDelegate.swift */; };
		2EAB13341FAF42EE00F9BFE3 /* Main.storyboard in Resources */ = {isa = PBXBuildFile; fileRef = 2EAB13321FAF42EE00F9BFE3 /* Main.storyboard */; };
		2EAB13371FAF42EE00F9BFE3 /* Tigerspike_Gallery.xcdatamodeld in Sources */ = {isa = PBXBuildFile; fileRef = 2EAB13351FAF42EE00F9BFE3 /* Tigerspike_Gallery.xcdatamodeld */; };
		2EAB13391FAF42EE00F9BFE3 /* Assets.xcassets in Resources */ = {isa = PBXBuildFile; fileRef = 2EAB13381FAF42EE00F9BFE3 /* Assets.xcassets */; };
		2EAB133C1FAF42EE00F9BFE3 /* LaunchScreen.storyboard in Resources */ = {isa = PBXBuildFile; fileRef = 2EAB133A1FAF42EE00F9BFE3 /* LaunchScreen.storyboard */; };
		2EAB13521FAF42EF00F9BFE3 /* Tigerspike_GalleryUITests.swift in Sources */ = {isa = PBXBuildFile; fileRef = 2EAB13511FAF42EF00F9BFE3 /* Tigerspike_GalleryUITests.swift */; };
		2EAB13601FAF4DE300F9BFE3 /* GalleryCollectionViewController.swift in Sources */ = {isa = PBXBuildFile; fileRef = 2EAB135F1FAF4DE300F9BFE3 /* GalleryCollectionViewController.swift */; };
		2EAB13621FAF4F1100F9BFE3 /* AppConfiguration.swift in Sources */ = {isa = PBXBuildFile; fileRef = 2EAB13611FAF4F1100F9BFE3 /* AppConfiguration.swift */; };
		2EAB13671FAF525800F9BFE3 /* GalleryCollectionViewCell.swift in Sources */ = {isa = PBXBuildFile; fileRef = 2EAB13651FAF525800F9BFE3 /* GalleryCollectionViewCell.swift */; };
		2EAB13681FAF525800F9BFE3 /* GalleryCollectionViewCell.xib in Resources */ = {isa = PBXBuildFile; fileRef = 2EAB13661FAF525800F9BFE3 /* GalleryCollectionViewCell.xib */; };
		2EAB136C1FAF529D00F9BFE3 /* GalleryImageModel.swift in Sources */ = {isa = PBXBuildFile; fileRef = 2EAB136B1FAF529D00F9BFE3 /* GalleryImageModel.swift */; };
		2EAB136E1FAF545400F9BFE3 /* GalleryDownloadManager.swift in Sources */ = {isa = PBXBuildFile; fileRef = 2EAB136D1FAF545400F9BFE3 /* GalleryDownloadManager.swift */; };
		359035C38E085EB567A4D030 /* Pods_Tigerspike_GalleryTests.framework in Frameworks */ = {isa = PBXBuildFile; fileRef = EB20D7651C340825D0E1F1ED /* Pods_Tigerspike_GalleryTests.framework */; };
		87249CBB46E01EE217864E3E /* Pods_Tigerspike_Gallery.framework in Frameworks */ = {isa = PBXBuildFile; fileRef = F6C33DA2107BC9D874EBB096 /* Pods_Tigerspike_Gallery.framework */; };
		C1FBBD305AF2E71579A82BF8 /* Pods_Tigerspike_GalleryUITests.framework in Frameworks */ = {isa = PBXBuildFile; fileRef = 7E2BFF332DD5506DEBCD52C2 /* Pods_Tigerspike_GalleryUITests.framework */; };
/* End PBXBuildFile section */

/* Begin PBXContainerItemProxy section */
		2EAB13431FAF42EE00F9BFE3 /* PBXContainerItemProxy */ = {
			isa = PBXContainerItemProxy;
			containerPortal = 2EAB13231FAF42EE00F9BFE3 /* Project object */;
			proxyType = 1;
			remoteGlobalIDString = 2EAB132A1FAF42EE00F9BFE3;
			remoteInfo = "Tigerspike Gallery";
		};
		2EAB134E1FAF42EF00F9BFE3 /* PBXContainerItemProxy */ = {
			isa = PBXContainerItemProxy;
			containerPortal = 2EAB13231FAF42EE00F9BFE3 /* Project object */;
			proxyType = 1;
			remoteGlobalIDString = 2EAB132A1FAF42EE00F9BFE3;
			remoteInfo = "Tigerspike Gallery";
		};
/* End PBXContainerItemProxy section */

/* Begin PBXFileReference section */
		2E471AFC1FAFEDAD00C23FB5 /* GalleryImageCellTests.swift */ = {isa = PBXFileReference; lastKnownFileType = sourcecode.swift; path = GalleryImageCellTests.swift; sourceTree = "<group>"; };
		2EAB132B1FAF42EE00F9BFE3 /* Tigerspike Gallery.app */ = {isa = PBXFileReference; explicitFileType = wrapper.application; includeInIndex = 0; path = "Tigerspike Gallery.app"; sourceTree = BUILT_PRODUCTS_DIR; };
		2EAB132E1FAF42EE00F9BFE3 /* AppDelegate.swift */ = {isa = PBXFileReference; lastKnownFileType = sourcecode.swift; path = AppDelegate.swift; sourceTree = "<group>"; };
		2EAB13331FAF42EE00F9BFE3 /* Base */ = {isa = PBXFileReference; lastKnownFileType = file.storyboard; name = Base; path = Base.lproj/Main.storyboard; sourceTree = "<group>"; };
		2EAB13361FAF42EE00F9BFE3 /* Tigerspike_Gallery.xcdatamodel */ = {isa = PBXFileReference; lastKnownFileType = wrapper.xcdatamodel; path = Tigerspike_Gallery.xcdatamodel; sourceTree = "<group>"; };
		2EAB13381FAF42EE00F9BFE3 /* Assets.xcassets */ = {isa = PBXFileReference; lastKnownFileType = folder.assetcatalog; path = Assets.xcassets; sourceTree = "<group>"; };
		2EAB133B1FAF42EE00F9BFE3 /* Base */ = {isa = PBXFileReference; lastKnownFileType = file.storyboard; name = Base; path = Base.lproj/LaunchScreen.storyboard; sourceTree = "<group>"; };
		2EAB133D1FAF42EE00F9BFE3 /* Info.plist */ = {isa = PBXFileReference; lastKnownFileType = text.plist.xml; path = Info.plist; sourceTree = "<group>"; };
		2EAB13421FAF42EE00F9BFE3 /* Tigerspike GalleryTests.xctest */ = {isa = PBXFileReference; explicitFileType = wrapper.cfbundle; includeInIndex = 0; path = "Tigerspike GalleryTests.xctest"; sourceTree = BUILT_PRODUCTS_DIR; };
		2EAB13481FAF42EE00F9BFE3 /* Info.plist */ = {isa = PBXFileReference; lastKnownFileType = text.plist.xml; path = Info.plist; sourceTree = "<group>"; };
		2EAB134D1FAF42EF00F9BFE3 /* Tigerspike GalleryUITests.xctest */ = {isa = PBXFileReference; explicitFileType = wrapper.cfbundle; includeInIndex = 0; path = "Tigerspike GalleryUITests.xctest"; sourceTree = BUILT_PRODUCTS_DIR; };
		2EAB13511FAF42EF00F9BFE3 /* Tigerspike_GalleryUITests.swift */ = {isa = PBXFileReference; lastKnownFileType = sourcecode.swift; path = Tigerspike_GalleryUITests.swift; sourceTree = "<group>"; };
		2EAB13531FAF42EF00F9BFE3 /* Info.plist */ = {isa = PBXFileReference; lastKnownFileType = text.plist.xml; path = Info.plist; sourceTree = "<group>"; };
		2EAB135F1FAF4DE300F9BFE3 /* GalleryCollectionViewController.swift */ = {isa = PBXFileReference; lastKnownFileType = sourcecode.swift; path = GalleryCollectionViewController.swift; sourceTree = "<group>"; };
		2EAB13611FAF4F1100F9BFE3 /* AppConfiguration.swift */ = {isa = PBXFileReference; lastKnownFileType = sourcecode.swift; path = AppConfiguration.swift; sourceTree = "<group>"; };
		2EAB13651FAF525800F9BFE3 /* GalleryCollectionViewCell.swift */ = {isa = PBXFileReference; lastKnownFileType = sourcecode.swift; path = GalleryCollectionViewCell.swift; sourceTree = "<group>"; };
		2EAB13661FAF525800F9BFE3 /* GalleryCollectionViewCell.xib */ = {isa = PBXFileReference; lastKnownFileType = file.xib; path = GalleryCollectionViewCell.xib; sourceTree = "<group>"; };
		2EAB136B1FAF529D00F9BFE3 /* GalleryImageModel.swift */ = {isa = PBXFileReference; lastKnownFileType = sourcecode.swift; path = GalleryImageModel.swift; sourceTree = "<group>"; };
		2EAB136D1FAF545400F9BFE3 /* GalleryDownloadManager.swift */ = {isa = PBXFileReference; lastKnownFileType = sourcecode.swift; path = GalleryDownloadManager.swift; sourceTree = "<group>"; };
		666E4CDF6B09AB9BB51EDBA7 /* Pods-Tigerspike Gallery.release.xcconfig */ = {isa = PBXFileReference; includeInIndex = 1; lastKnownFileType = text.xcconfig; name = "Pods-Tigerspike Gallery.release.xcconfig"; path = "Pods/Target Support Files/Pods-Tigerspike Gallery/Pods-Tigerspike Gallery.release.xcconfig"; sourceTree = "<group>"; };
		7E2BFF332DD5506DEBCD52C2 /* Pods_Tigerspike_GalleryUITests.framework */ = {isa = PBXFileReference; explicitFileType = wrapper.framework; includeInIndex = 0; path = Pods_Tigerspike_GalleryUITests.framework; sourceTree = BUILT_PRODUCTS_DIR; };
		81019AE5CC560588BE484791 /* Pods-Tigerspike GalleryUITests.debug.xcconfig */ = {isa = PBXFileReference; includeInIndex = 1; lastKnownFileType = text.xcconfig; name = "Pods-Tigerspike GalleryUITests.debug.xcconfig"; path = "Pods/Target Support Files/Pods-Tigerspike GalleryUITests/Pods-Tigerspike GalleryUITests.debug.xcconfig"; sourceTree = "<group>"; };
		BCED835A937A4BDD71C0A4FF /* Pods-Tigerspike GalleryUITests.release.xcconfig */ = {isa = PBXFileReference; includeInIndex = 1; lastKnownFileType = text.xcconfig; name = "Pods-Tigerspike GalleryUITests.release.xcconfig"; path = "Pods/Target Support Files/Pods-Tigerspike GalleryUITests/Pods-Tigerspike GalleryUITests.release.xcconfig"; sourceTree = "<group>"; };
		C542157D48C855EB568C39A1 /* Pods-Tigerspike Gallery.debug.xcconfig */ = {isa = PBXFileReference; includeInIndex = 1; lastKnownFileType = text.xcconfig; name = "Pods-Tigerspike Gallery.debug.xcconfig"; path = "Pods/Target Support Files/Pods-Tigerspike Gallery/Pods-Tigerspike Gallery.debug.xcconfig"; sourceTree = "<group>"; };
		D13A77A47AEFE98B2CFBD545 /* Pods-Tigerspike GalleryTests.debug.xcconfig */ = {isa = PBXFileReference; includeInIndex = 1; lastKnownFileType = text.xcconfig; name = "Pods-Tigerspike GalleryTests.debug.xcconfig"; path = "Pods/Target Support Files/Pods-Tigerspike GalleryTests/Pods-Tigerspike GalleryTests.debug.xcconfig"; sourceTree = "<group>"; };
		EB20D7651C340825D0E1F1ED /* Pods_Tigerspike_GalleryTests.framework */ = {isa = PBXFileReference; explicitFileType = wrapper.framework; includeInIndex = 0; path = Pods_Tigerspike_GalleryTests.framework; sourceTree = BUILT_PRODUCTS_DIR; };
		F1FFBE41137E7039ECA7D2A1 /* Pods-Tigerspike GalleryTests.release.xcconfig */ = {isa = PBXFileReference; includeInIndex = 1; lastKnownFileType = text.xcconfig; name = "Pods-Tigerspike GalleryTests.release.xcconfig"; path = "Pods/Target Support Files/Pods-Tigerspike GalleryTests/Pods-Tigerspike GalleryTests.release.xcconfig"; sourceTree = "<group>"; };
		F6C33DA2107BC9D874EBB096 /* Pods_Tigerspike_Gallery.framework */ = {isa = PBXFileReference; explicitFileType = wrapper.framework; includeInIndex = 0; path = Pods_Tigerspike_Gallery.framework; sourceTree = BUILT_PRODUCTS_DIR; };
/* End PBXFileReference section */

/* Begin PBXFrameworksBuildPhase section */
		2EAB13281FAF42EE00F9BFE3 /* Frameworks */ = {
			isa = PBXFrameworksBuildPhase;
			buildActionMask = 2147483647;
			files = (
				87249CBB46E01EE217864E3E /* Pods_Tigerspike_Gallery.framework in Frameworks */,
			);
			runOnlyForDeploymentPostprocessing = 0;
		};
		2EAB133F1FAF42EE00F9BFE3 /* Frameworks */ = {
			isa = PBXFrameworksBuildPhase;
			buildActionMask = 2147483647;
			files = (
				359035C38E085EB567A4D030 /* Pods_Tigerspike_GalleryTests.framework in Frameworks */,
			);
			runOnlyForDeploymentPostprocessing = 0;
		};
		2EAB134A1FAF42EF00F9BFE3 /* Frameworks */ = {
			isa = PBXFrameworksBuildPhase;
			buildActionMask = 2147483647;
			files = (
				C1FBBD305AF2E71579A82BF8 /* Pods_Tigerspike_GalleryUITests.framework in Frameworks */,
			);
			runOnlyForDeploymentPostprocessing = 0;
		};
/* End PBXFrameworksBuildPhase section */

/* Begin PBXGroup section */
		2EAB13221FAF42EE00F9BFE3 = {
			isa = PBXGroup;
			children = (
				2EAB132D1FAF42EE00F9BFE3 /* Tigerspike Gallery */,
				2EAB13451FAF42EE00F9BFE3 /* Tigerspike GalleryTests */,
				2EAB13501FAF42EF00F9BFE3 /* Tigerspike GalleryUITests */,
				2EAB132C1FAF42EE00F9BFE3 /* Products */,
				8A1DD7214A3A52D3EFFB6FF3 /* Pods */,
				6129461A04EC2BF51F5D05B3 /* Frameworks */,
			);
			sourceTree = "<group>";
		};
		2EAB132C1FAF42EE00F9BFE3 /* Products */ = {
			isa = PBXGroup;
			children = (
				2EAB132B1FAF42EE00F9BFE3 /* Tigerspike Gallery.app */,
				2EAB13421FAF42EE00F9BFE3 /* Tigerspike GalleryTests.xctest */,
				2EAB134D1FAF42EF00F9BFE3 /* Tigerspike GalleryUITests.xctest */,
			);
			name = Products;
			sourceTree = "<group>";
		};
		2EAB132D1FAF42EE00F9BFE3 /* Tigerspike Gallery */ = {
			isa = PBXGroup;
			children = (
				2EAB132E1FAF42EE00F9BFE3 /* AppDelegate.swift */,
				2EAB13321FAF42EE00F9BFE3 /* Main.storyboard */,
				2EAB135F1FAF4DE300F9BFE3 /* GalleryCollectionViewController.swift */,
				2EAB13651FAF525800F9BFE3 /* GalleryCollectionViewCell.swift */,
				2EAB13661FAF525800F9BFE3 /* GalleryCollectionViewCell.xib */,
				2EAB136B1FAF529D00F9BFE3 /* GalleryImageModel.swift */,
				2EAB136D1FAF545400F9BFE3 /* GalleryDownloadManager.swift */,
				2EAB13381FAF42EE00F9BFE3 /* Assets.xcassets */,
				2EAB133A1FAF42EE00F9BFE3 /* LaunchScreen.storyboard */,
				2EAB133D1FAF42EE00F9BFE3 /* Info.plist */,
				2EAB13351FAF42EE00F9BFE3 /* Tigerspike_Gallery.xcdatamodeld */,
				2EAB13611FAF4F1100F9BFE3 /* AppConfiguration.swift */,
			);
			path = "Tigerspike Gallery";
			sourceTree = "<group>";
		};
		2EAB13451FAF42EE00F9BFE3 /* Tigerspike GalleryTests */ = {
			isa = PBXGroup;
			children = (
				2E471AFC1FAFEDAD00C23FB5 /* GalleryImageCellTests.swift */,
				2EAB13481FAF42EE00F9BFE3 /* Info.plist */,
			);
			path = "Tigerspike GalleryTests";
			sourceTree = "<group>";
		};
		2EAB13501FAF42EF00F9BFE3 /* Tigerspike GalleryUITests */ = {
			isa = PBXGroup;
			children = (
				2EAB13511FAF42EF00F9BFE3 /* Tigerspike_GalleryUITests.swift */,
				2EAB13531FAF42EF00F9BFE3 /* Info.plist */,
			);
			path = "Tigerspike GalleryUITests";
			sourceTree = "<group>";
		};
		6129461A04EC2BF51F5D05B3 /* Frameworks */ = {
			isa = PBXGroup;
			children = (
				F6C33DA2107BC9D874EBB096 /* Pods_Tigerspike_Gallery.framework */,
				EB20D7651C340825D0E1F1ED /* Pods_Tigerspike_GalleryTests.framework */,
				7E2BFF332DD5506DEBCD52C2 /* Pods_Tigerspike_GalleryUITests.framework */,
			);
			name = Frameworks;
			sourceTree = "<group>";
		};
		8A1DD7214A3A52D3EFFB6FF3 /* Pods */ = {
			isa = PBXGroup;
			children = (
				C542157D48C855EB568C39A1 /* Pods-Tigerspike Gallery.debug.xcconfig */,
				666E4CDF6B09AB9BB51EDBA7 /* Pods-Tigerspike Gallery.release.xcconfig */,
				D13A77A47AEFE98B2CFBD545 /* Pods-Tigerspike GalleryTests.debug.xcconfig */,
				F1FFBE41137E7039ECA7D2A1 /* Pods-Tigerspike GalleryTests.release.xcconfig */,
				81019AE5CC560588BE484791 /* Pods-Tigerspike GalleryUITests.debug.xcconfig */,
				BCED835A937A4BDD71C0A4FF /* Pods-Tigerspike GalleryUITests.release.xcconfig */,
			);
			name = Pods;
			sourceTree = "<group>";
		};
/* End PBXGroup section */

/* Begin PBXNativeTarget section */
		2EAB132A1FAF42EE00F9BFE3 /* Tigerspike Gallery */ = {
			isa = PBXNativeTarget;
			buildConfigurationList = 2EAB13561FAF42EF00F9BFE3 /* Build configuration list for PBXNativeTarget "Tigerspike Gallery" */;
			buildPhases = (
				8AAB46D91B72D5A85FF3AF13 /* [CP] Check Pods Manifest.lock */,
				2EAB13271FAF42EE00F9BFE3 /* Sources */,
				2EAB13281FAF42EE00F9BFE3 /* Frameworks */,
				2EAB13291FAF42EE00F9BFE3 /* Resources */,
				28DA415E7DB06A4ECAA4EA54 /* [CP] Embed Pods Frameworks */,
				5C3A8F6B4651D4664E1708B7 /* [CP] Copy Pods Resources */,
			);
			buildRules = (
			);
			dependencies = (
			);
			name = "Tigerspike Gallery";
			productName = "Tigerspike Gallery";
			productReference = 2EAB132B1FAF42EE00F9BFE3 /* Tigerspike Gallery.app */;
			productType = "com.apple.product-type.application";
		};
		2EAB13411FAF42EE00F9BFE3 /* Tigerspike GalleryTests */ = {
			isa = PBXNativeTarget;
			buildConfigurationList = 2EAB13591FAF42EF00F9BFE3 /* Build configuration list for PBXNativeTarget "Tigerspike GalleryTests" */;
			buildPhases = (
				2556D64B0EEED6B8C5A9A7AA /* [CP] Check Pods Manifest.lock */,
				2EAB133E1FAF42EE00F9BFE3 /* Sources */,
				2EAB133F1FAF42EE00F9BFE3 /* Frameworks */,
				2EAB13401FAF42EE00F9BFE3 /* Resources */,
				0D1EA36F6606E97DF2E847EE /* [CP] Embed Pods Frameworks */,
				268314E67136C49DA8D17D0D /* [CP] Copy Pods Resources */,
			);
			buildRules = (
			);
			dependencies = (
				2EAB13441FAF42EE00F9BFE3 /* PBXTargetDependency */,
			);
			name = "Tigerspike GalleryTests";
			productName = "Tigerspike GalleryTests";
			productReference = 2EAB13421FAF42EE00F9BFE3 /* Tigerspike GalleryTests.xctest */;
			productType = "com.apple.product-type.bundle.unit-test";
		};
		2EAB134C1FAF42EF00F9BFE3 /* Tigerspike GalleryUITests */ = {
			isa = PBXNativeTarget;
			buildConfigurationList = 2EAB135C1FAF42EF00F9BFE3 /* Build configuration list for PBXNativeTarget "Tigerspike GalleryUITests" */;
			buildPhases = (
				143B4C2D9FD5FA91DDAE83CD /* [CP] Check Pods Manifest.lock */,
				2EAB13491FAF42EF00F9BFE3 /* Sources */,
				2EAB134A1FAF42EF00F9BFE3 /* Frameworks */,
				2EAB134B1FAF42EF00F9BFE3 /* Resources */,
				F81E336E6870B38505432E4A /* [CP] Embed Pods Frameworks */,
				E5980A03919E33C66546AF84 /* [CP] Copy Pods Resources */,
			);
			buildRules = (
			);
			dependencies = (
				2EAB134F1FAF42EF00F9BFE3 /* PBXTargetDependency */,
			);
			name = "Tigerspike GalleryUITests";
			productName = "Tigerspike GalleryUITests";
			productReference = 2EAB134D1FAF42EF00F9BFE3 /* Tigerspike GalleryUITests.xctest */;
			productType = "com.apple.product-type.bundle.ui-testing";
		};
/* End PBXNativeTarget section */

/* Begin PBXProject section */
		2EAB13231FAF42EE00F9BFE3 /* Project object */ = {
			isa = PBXProject;
			attributes = {
				LastSwiftUpdateCheck = 0900;
				LastUpgradeCheck = 0900;
				ORGANIZATIONNAME = "Joshua Areogun";
				TargetAttributes = {
					2EAB132A1FAF42EE00F9BFE3 = {
						CreatedOnToolsVersion = 9.0.1;
						ProvisioningStyle = Automatic;
					};
					2EAB13411FAF42EE00F9BFE3 = {
						CreatedOnToolsVersion = 9.0.1;
						ProvisioningStyle = Automatic;
						TestTargetID = 2EAB132A1FAF42EE00F9BFE3;
					};
					2EAB134C1FAF42EF00F9BFE3 = {
						CreatedOnToolsVersion = 9.0.1;
						ProvisioningStyle = Automatic;
						TestTargetID = 2EAB132A1FAF42EE00F9BFE3;
					};
				};
			};
			buildConfigurationList = 2EAB13261FAF42EE00F9BFE3 /* Build configuration list for PBXProject "Tigerspike Gallery" */;
			compatibilityVersion = "Xcode 8.0";
			developmentRegion = en;
			hasScannedForEncodings = 0;
			knownRegions = (
				en,
				Base,
			);
			mainGroup = 2EAB13221FAF42EE00F9BFE3;
			productRefGroup = 2EAB132C1FAF42EE00F9BFE3 /* Products */;
			projectDirPath = "";
			projectRoot = "";
			targets = (
				2EAB132A1FAF42EE00F9BFE3 /* Tigerspike Gallery */,
				2EAB13411FAF42EE00F9BFE3 /* Tigerspike GalleryTests */,
				2EAB134C1FAF42EF00F9BFE3 /* Tigerspike GalleryUITests */,
			);
		};
/* End PBXProject section */

/* Begin PBXResourcesBuildPhase section */
		2EAB13291FAF42EE00F9BFE3 /* Resources */ = {
			isa = PBXResourcesBuildPhase;
			buildActionMask = 2147483647;
			files = (
				2EAB133C1FAF42EE00F9BFE3 /* LaunchScreen.storyboard in Resources */,
				2EAB13681FAF525800F9BFE3 /* GalleryCollectionViewCell.xib in Resources */,
				2EAB13391FAF42EE00F9BFE3 /* Assets.xcassets in Resources */,
				2EAB13341FAF42EE00F9BFE3 /* Main.storyboard in Resources */,
			);
			runOnlyForDeploymentPostprocessing = 0;
		};
		2EAB13401FAF42EE00F9BFE3 /* Resources */ = {
			isa = PBXResourcesBuildPhase;
			buildActionMask = 2147483647;
			files = (
			);
			runOnlyForDeploymentPostprocessing = 0;
		};
		2EAB134B1FAF42EF00F9BFE3 /* Resources */ = {
			isa = PBXResourcesBuildPhase;
			buildActionMask = 2147483647;
			files = (
			);
			runOnlyForDeploymentPostprocessing = 0;
		};
/* End PBXResourcesBuildPhase section */

/* Begin PBXShellScriptBuildPhase section */
		0D1EA36F6606E97DF2E847EE /* [CP] Embed Pods Frameworks */ = {
			isa = PBXShellScriptBuildPhase;
			buildActionMask = 2147483647;
			files = (
			);
			inputPaths = (
			);
			name = "[CP] Embed Pods Frameworks";
			outputPaths = (
			);
			runOnlyForDeploymentPostprocessing = 0;
			shellPath = /bin/sh;
			shellScript = "\"${SRCROOT}/Pods/Target Support Files/Pods-Tigerspike GalleryTests/Pods-Tigerspike GalleryTests-frameworks.sh\"\n";
			showEnvVarsInLog = 0;
		};
		143B4C2D9FD5FA91DDAE83CD /* [CP] Check Pods Manifest.lock */ = {
			isa = PBXShellScriptBuildPhase;
			buildActionMask = 2147483647;
			files = (
			);
			inputPaths = (
				"${PODS_PODFILE_DIR_PATH}/Podfile.lock",
				"${PODS_ROOT}/Manifest.lock",
			);
			name = "[CP] Check Pods Manifest.lock";
			outputPaths = (
				"$(DERIVED_FILE_DIR)/Pods-Tigerspike GalleryUITests-checkManifestLockResult.txt",
			);
			runOnlyForDeploymentPostprocessing = 0;
			shellPath = /bin/sh;
			shellScript = "diff \"${PODS_PODFILE_DIR_PATH}/Podfile.lock\" \"${PODS_ROOT}/Manifest.lock\" > /dev/null\nif [ $? != 0 ] ; then\n    # print error to STDERR\n    echo \"error: The sandbox is not in sync with the Podfile.lock. Run 'pod install' or update your CocoaPods installation.\" >&2\n    exit 1\nfi\n# This output is used by Xcode 'outputs' to avoid re-running this script phase.\necho \"SUCCESS\" > \"${SCRIPT_OUTPUT_FILE_0}\"\n";
			showEnvVarsInLog = 0;
		};
		2556D64B0EEED6B8C5A9A7AA /* [CP] Check Pods Manifest.lock */ = {
			isa = PBXShellScriptBuildPhase;
			buildActionMask = 2147483647;
			files = (
			);
			inputPaths = (
				"${PODS_PODFILE_DIR_PATH}/Podfile.lock",
				"${PODS_ROOT}/Manifest.lock",
			);
			name = "[CP] Check Pods Manifest.lock";
			outputPaths = (
				"$(DERIVED_FILE_DIR)/Pods-Tigerspike GalleryTests-checkManifestLockResult.txt",
			);
			runOnlyForDeploymentPostprocessing = 0;
			shellPath = /bin/sh;
			shellScript = "diff \"${PODS_PODFILE_DIR_PATH}/Podfile.lock\" \"${PODS_ROOT}/Manifest.lock\" > /dev/null\nif [ $? != 0 ] ; then\n    # print error to STDERR\n    echo \"error: The sandbox is not in sync with the Podfile.lock. Run 'pod install' or update your CocoaPods installation.\" >&2\n    exit 1\nfi\n# This output is used by Xcode 'outputs' to avoid re-running this script phase.\necho \"SUCCESS\" > \"${SCRIPT_OUTPUT_FILE_0}\"\n";
			showEnvVarsInLog = 0;
		};
		268314E67136C49DA8D17D0D /* [CP] Copy Pods Resources */ = {
			isa = PBXShellScriptBuildPhase;
			buildActionMask = 2147483647;
			files = (
			);
			inputPaths = (
			);
			name = "[CP] Copy Pods Resources";
			outputPaths = (
			);
			runOnlyForDeploymentPostprocessing = 0;
			shellPath = /bin/sh;
			shellScript = "\"${SRCROOT}/Pods/Target Support Files/Pods-Tigerspike GalleryTests/Pods-Tigerspike GalleryTests-resources.sh\"\n";
			showEnvVarsInLog = 0;
		};
		28DA415E7DB06A4ECAA4EA54 /* [CP] Embed Pods Frameworks */ = {
			isa = PBXShellScriptBuildPhase;
			buildActionMask = 2147483647;
			files = (
			);
			inputPaths = (
				"${SRCROOT}/Pods/Target Support Files/Pods-Tigerspike Gallery/Pods-Tigerspike Gallery-frameworks.sh",
				"${BUILT_PRODUCTS_DIR}/Alamofire/Alamofire.framework",
				"${BUILT_PRODUCTS_DIR}/AlamofireImage/AlamofireImage.framework",
				"${BUILT_PRODUCTS_DIR}/AlamofireRSSParser/AlamofireRSSParser.framework",
			);
			name = "[CP] Embed Pods Frameworks";
			outputPaths = (
				"${TARGET_BUILD_DIR}/${FRAMEWORKS_FOLDER_PATH}/Alamofire.framework",
				"${TARGET_BUILD_DIR}/${FRAMEWORKS_FOLDER_PATH}/AlamofireImage.framework",
				"${TARGET_BUILD_DIR}/${FRAMEWORKS_FOLDER_PATH}/AlamofireRSSParser.framework",
			);
			runOnlyForDeploymentPostprocessing = 0;
			shellPath = /bin/sh;
			shellScript = "\"${SRCROOT}/Pods/Target Support Files/Pods-Tigerspike Gallery/Pods-Tigerspike Gallery-frameworks.sh\"\n";
			showEnvVarsInLog = 0;
		};
		5C3A8F6B4651D4664E1708B7 /* [CP] Copy Pods Resources */ = {
			isa = PBXShellScriptBuildPhase;
			buildActionMask = 2147483647;
			files = (
			);
			inputPaths = (
			);
			name = "[CP] Copy Pods Resources";
			outputPaths = (
			);
			runOnlyForDeploymentPostprocessing = 0;
			shellPath = /bin/sh;
			shellScript = "\"${SRCROOT}/Pods/Target Support Files/Pods-Tigerspike Gallery/Pods-Tigerspike Gallery-resources.sh\"\n";
			showEnvVarsInLog = 0;
		};
		8AAB46D91B72D5A85FF3AF13 /* [CP] Check Pods Manifest.lock */ = {
			isa = PBXShellScriptBuildPhase;
			buildActionMask = 2147483647;
			files = (
			);
			inputPaths = (
				"${PODS_PODFILE_DIR_PATH}/Podfile.lock",
				"${PODS_ROOT}/Manifest.lock",
			);
			name = "[CP] Check Pods Manifest.lock";
			outputPaths = (
				"$(DERIVED_FILE_DIR)/Pods-Tigerspike Gallery-checkManifestLockResult.txt",
			);
			runOnlyForDeploymentPostprocessing = 0;
			shellPath = /bin/sh;
			shellScript = "diff \"${PODS_PODFILE_DIR_PATH}/Podfile.lock\" \"${PODS_ROOT}/Manifest.lock\" > /dev/null\nif [ $? != 0 ] ; then\n    # print error to STDERR\n    echo \"error: The sandbox is not in sync with the Podfile.lock. Run 'pod install' or update your CocoaPods installation.\" >&2\n    exit 1\nfi\n# This output is used by Xcode 'outputs' to avoid re-running this script phase.\necho \"SUCCESS\" > \"${SCRIPT_OUTPUT_FILE_0}\"\n";
			showEnvVarsInLog = 0;
		};
		E5980A03919E33C66546AF84 /* [CP] Copy Pods Resources */ = {
			isa = PBXShellScriptBuildPhase;
			buildActionMask = 2147483647;
			files = (
			);
			inputPaths = (
			);
			name = "[CP] Copy Pods Resources";
			outputPaths = (
			);
			runOnlyForDeploymentPostprocessing = 0;
			shellPath = /bin/sh;
			shellScript = "\"${SRCROOT}/Pods/Target Support Files/Pods-Tigerspike GalleryUITests/Pods-Tigerspike GalleryUITests-resources.sh\"\n";
			showEnvVarsInLog = 0;
		};
		F81E336E6870B38505432E4A /* [CP] Embed Pods Frameworks */ = {
			isa = PBXShellScriptBuildPhase;
			buildActionMask = 2147483647;
			files = (
			);
			inputPaths = (
			);
			name = "[CP] Embed Pods Frameworks";
			outputPaths = (
			);
			runOnlyForDeploymentPostprocessing = 0;
			shellPath = /bin/sh;
			shellScript = "\"${SRCROOT}/Pods/Target Support Files/Pods-Tigerspike GalleryUITests/Pods-Tigerspike GalleryUITests-frameworks.sh\"\n";
			showEnvVarsInLog = 0;
		};
/* End PBXShellScriptBuildPhase section */

/* Begin PBXSourcesBuildPhase section */
		2EAB13271FAF42EE00F9BFE3 /* Sources */ = {
			isa = PBXSourcesBuildPhase;
			buildActionMask = 2147483647;
			files = (
				2EAB132F1FAF42EE00F9BFE3 /* AppDelegate.swift in Sources */,
				2EAB136E1FAF545400F9BFE3 /* GalleryDownloadManager.swift in Sources */,
				2EAB13671FAF525800F9BFE3 /* GalleryCollectionViewCell.swift in Sources */,
				2EAB13371FAF42EE00F9BFE3 /* Tigerspike_Gallery.xcdatamodeld in Sources */,
				2EAB13621FAF4F1100F9BFE3 /* AppConfiguration.swift in Sources */,
				2EAB136C1FAF529D00F9BFE3 /* GalleryImageModel.swift in Sources */,
				2EAB13601FAF4DE300F9BFE3 /* GalleryCollectionViewController.swift in Sources */,
			);
			runOnlyForDeploymentPostprocessing = 0;
		};
		2EAB133E1FAF42EE00F9BFE3 /* Sources */ = {
			isa = PBXSourcesBuildPhase;
			buildActionMask = 2147483647;
			files = (
				2E471AFD1FAFEDAD00C23FB5 /* GalleryImageCellTests.swift in Sources */,
			);
			runOnlyForDeploymentPostprocessing = 0;
		};
		2EAB13491FAF42EF00F9BFE3 /* Sources */ = {
			isa = PBXSourcesBuildPhase;
			buildActionMask = 2147483647;
			files = (
				2EAB13521FAF42EF00F9BFE3 /* Tigerspike_GalleryUITests.swift in Sources */,
			);
			runOnlyForDeploymentPostprocessing = 0;
		};
/* End PBXSourcesBuildPhase section */

/* Begin PBXTargetDependency section */
		2EAB13441FAF42EE00F9BFE3 /* PBXTargetDependency */ = {
			isa = PBXTargetDependency;
			target = 2EAB132A1FAF42EE00F9BFE3 /* Tigerspike Gallery */;
			targetProxy = 2EAB13431FAF42EE00F9BFE3 /* PBXContainerItemProxy */;
		};
		2EAB134F1FAF42EF00F9BFE3 /* PBXTargetDependency */ = {
			isa = PBXTargetDependency;
			target = 2EAB132A1FAF42EE00F9BFE3 /* Tigerspike Gallery */;
			targetProxy = 2EAB134E1FAF42EF00F9BFE3 /* PBXContainerItemProxy */;
		};
/* End PBXTargetDependency section */

/* Begin PBXVariantGroup section */
		2EAB13321FAF42EE00F9BFE3 /* Main.storyboard */ = {
			isa = PBXVariantGroup;
			children = (
				2EAB13331FAF42EE00F9BFE3 /* Base */,
			);
			name = Main.storyboard;
			sourceTree = "<group>";
		};
		2EAB133A1FAF42EE00F9BFE3 /* LaunchScreen.storyboard */ = {
			isa = PBXVariantGroup;
			children = (
				2EAB133B1FAF42EE00F9BFE3 /* Base */,
			);
			name = LaunchScreen.storyboard;
			sourceTree = "<group>";
		};
/* End PBXVariantGroup section */

/* Begin XCBuildConfiguration section */
		2EAB13541FAF42EF00F9BFE3 /* Debug */ = {
			isa = XCBuildConfiguration;
			buildSettings = {
				ALWAYS_SEARCH_USER_PATHS = NO;
				CLANG_ANALYZER_NONNULL = YES;
				CLANG_ANALYZER_NUMBER_OBJECT_CONVERSION = YES_AGGRESSIVE;
				CLANG_CXX_LANGUAGE_STANDARD = "gnu++14";
				CLANG_CXX_LIBRARY = "libc++";
				CLANG_ENABLE_MODULES = YES;
				CLANG_ENABLE_OBJC_ARC = YES;
				CLANG_WARN_BLOCK_CAPTURE_AUTORELEASING = YES;
				CLANG_WARN_BOOL_CONVERSION = YES;
				CLANG_WARN_COMMA = YES;
				CLANG_WARN_CONSTANT_CONVERSION = YES;
				CLANG_WARN_DIRECT_OBJC_ISA_USAGE = YES_ERROR;
				CLANG_WARN_DOCUMENTATION_COMMENTS = YES;
				CLANG_WARN_EMPTY_BODY = YES;
				CLANG_WARN_ENUM_CONVERSION = YES;
				CLANG_WARN_INFINITE_RECURSION = YES;
				CLANG_WARN_INT_CONVERSION = YES;
				CLANG_WARN_NON_LITERAL_NULL_CONVERSION = YES;
				CLANG_WARN_OBJC_LITERAL_CONVERSION = YES;
				CLANG_WARN_OBJC_ROOT_CLASS = YES_ERROR;
				CLANG_WARN_RANGE_LOOP_ANALYSIS = YES;
				CLANG_WARN_STRICT_PROTOTYPES = YES;
				CLANG_WARN_SUSPICIOUS_MOVE = YES;
				CLANG_WARN_UNGUARDED_AVAILABILITY = YES_AGGRESSIVE;
				CLANG_WARN_UNREACHABLE_CODE = YES;
				CLANG_WARN__DUPLICATE_METHOD_MATCH = YES;
				CODE_SIGN_IDENTITY = "iPhone Developer";
				COPY_PHASE_STRIP = NO;
				DEBUG_INFORMATION_FORMAT = dwarf;
				ENABLE_STRICT_OBJC_MSGSEND = YES;
				ENABLE_TESTABILITY = YES;
				GCC_C_LANGUAGE_STANDARD = gnu11;
				GCC_DYNAMIC_NO_PIC = NO;
				GCC_NO_COMMON_BLOCKS = YES;
				GCC_OPTIMIZATION_LEVEL = 0;
				GCC_PREPROCESSOR_DEFINITIONS = (
					"DEBUG=1",
					"$(inherited)",
				);
				GCC_WARN_64_TO_32_BIT_CONVERSION = YES;
				GCC_WARN_ABOUT_RETURN_TYPE = YES_ERROR;
				GCC_WARN_UNDECLARED_SELECTOR = YES;
				GCC_WARN_UNINITIALIZED_AUTOS = YES_AGGRESSIVE;
				GCC_WARN_UNUSED_FUNCTION = YES;
				GCC_WARN_UNUSED_VARIABLE = YES;
				IPHONEOS_DEPLOYMENT_TARGET = 11.0;
				MTL_ENABLE_DEBUG_INFO = YES;
				ONLY_ACTIVE_ARCH = YES;
				SDKROOT = iphoneos;
				SWIFT_ACTIVE_COMPILATION_CONDITIONS = DEBUG;
				SWIFT_OPTIMIZATION_LEVEL = "-Onone";
			};
			name = Debug;
		};
		2EAB13551FAF42EF00F9BFE3 /* Release */ = {
			isa = XCBuildConfiguration;
			buildSettings = {
				ALWAYS_SEARCH_USER_PATHS = NO;
				CLANG_ANALYZER_NONNULL = YES;
				CLANG_ANALYZER_NUMBER_OBJECT_CONVERSION = YES_AGGRESSIVE;
				CLANG_CXX_LANGUAGE_STANDARD = "gnu++14";
				CLANG_CXX_LIBRARY = "libc++";
				CLANG_ENABLE_MODULES = YES;
				CLANG_ENABLE_OBJC_ARC = YES;
				CLANG_WARN_BLOCK_CAPTURE_AUTORELEASING = YES;
				CLANG_WARN_BOOL_CONVERSION = YES;
				CLANG_WARN_COMMA = YES;
				CLANG_WARN_CONSTANT_CONVERSION = YES;
				CLANG_WARN_DIRECT_OBJC_ISA_USAGE = YES_ERROR;
				CLANG_WARN_DOCUMENTATION_COMMENTS = YES;
				CLANG_WARN_EMPTY_BODY = YES;
				CLANG_WARN_ENUM_CONVERSION = YES;
				CLANG_WARN_INFINITE_RECURSION = YES;
				CLANG_WARN_INT_CONVERSION = YES;
				CLANG_WARN_NON_LITERAL_NULL_CONVERSION = YES;
				CLANG_WARN_OBJC_LITERAL_CONVERSION = YES;
				CLANG_WARN_OBJC_ROOT_CLASS = YES_ERROR;
				CLANG_WARN_RANGE_LOOP_ANALYSIS = YES;
				CLANG_WARN_STRICT_PROTOTYPES = YES;
				CLANG_WARN_SUSPICIOUS_MOVE = YES;
				CLANG_WARN_UNGUARDED_AVAILABILITY = YES_AGGRESSIVE;
				CLANG_WARN_UNREACHABLE_CODE = YES;
				CLANG_WARN__DUPLICATE_METHOD_MATCH = YES;
				CODE_SIGN_IDENTITY = "iPhone Developer";
				COPY_PHASE_STRIP = NO;
				DEBUG_INFORMATION_FORMAT = "dwarf-with-dsym";
				ENABLE_NS_ASSERTIONS = NO;
				ENABLE_STRICT_OBJC_MSGSEND = YES;
				GCC_C_LANGUAGE_STANDARD = gnu11;
				GCC_NO_COMMON_BLOCKS = YES;
				GCC_WARN_64_TO_32_BIT_CONVERSION = YES;
				GCC_WARN_ABOUT_RETURN_TYPE = YES_ERROR;
				GCC_WARN_UNDECLARED_SELECTOR = YES;
				GCC_WARN_UNINITIALIZED_AUTOS = YES_AGGRESSIVE;
				GCC_WARN_UNUSED_FUNCTION = YES;
				GCC_WARN_UNUSED_VARIABLE = YES;
				IPHONEOS_DEPLOYMENT_TARGET = 11.0;
				MTL_ENABLE_DEBUG_INFO = NO;
				SDKROOT = iphoneos;
				SWIFT_OPTIMIZATION_LEVEL = "-Owholemodule";
				VALIDATE_PRODUCT = YES;
			};
			name = Release;
		};
		2EAB13571FAF42EF00F9BFE3 /* Debug */ = {
			isa = XCBuildConfiguration;
			baseConfigurationReference = C542157D48C855EB568C39A1 /* Pods-Tigerspike Gallery.debug.xcconfig */;
			buildSettings = {
				ASSETCATALOG_COMPILER_APPICON_NAME = AppIcon;
				CODE_SIGN_STYLE = Automatic;
				INFOPLIST_FILE = "Tigerspike Gallery/Info.plist";
				LD_RUNPATH_SEARCH_PATHS = "$(inherited) @executable_path/Frameworks";
				PRODUCT_BUNDLE_IDENTIFIER = "com.Josh.Tigerspike-Gallery";
				PRODUCT_NAME = "$(TARGET_NAME)";
				SWIFT_VERSION = 4.0;
				TARGETED_DEVICE_FAMILY = "1,2";
			};
			name = Debug;
		};
		2EAB13581FAF42EF00F9BFE3 /* Release */ = {
			isa = XCBuildConfiguration;
			baseConfigurationReference = 666E4CDF6B09AB9BB51EDBA7 /* Pods-Tigerspike Gallery.release.xcconfig */;
			buildSettings = {
				ASSETCATALOG_COMPILER_APPICON_NAME = AppIcon;
				CODE_SIGN_STYLE = Automatic;
				INFOPLIST_FILE = "Tigerspike Gallery/Info.plist";
				LD_RUNPATH_SEARCH_PATHS = "$(inherited) @executable_path/Frameworks";
				PRODUCT_BUNDLE_IDENTIFIER = "com.Josh.Tigerspike-Gallery";
				PRODUCT_NAME = "$(TARGET_NAME)";
				SWIFT_VERSION = 4.0;
				TARGETED_DEVICE_FAMILY = "1,2";
			};
			name = Release;
		};
		2EAB135A1FAF42EF00F9BFE3 /* Debug */ = {
			isa = XCBuildConfiguration;
			baseConfigurationReference = D13A77A47AEFE98B2CFBD545 /* Pods-Tigerspike GalleryTests.debug.xcconfig */;
			buildSettings = {
				ALWAYS_EMBED_SWIFT_STANDARD_LIBRARIES = YES;
				BUNDLE_LOADER = "$(TEST_HOST)";
				CODE_SIGN_STYLE = Automatic;
				INFOPLIST_FILE = "Tigerspike GalleryTests/Info.plist";
				LD_RUNPATH_SEARCH_PATHS = "$(inherited) @executable_path/Frameworks @loader_path/Frameworks";
				PRODUCT_BUNDLE_IDENTIFIER = "com.Josh.Tigerspike-GalleryTests";
				PRODUCT_NAME = "$(TARGET_NAME)";
				SWIFT_VERSION = 4.0;
				TARGETED_DEVICE_FAMILY = "1,2";
				TEST_HOST = "$(BUILT_PRODUCTS_DIR)/Tigerspike Gallery.app/Tigerspike Gallery";
			};
			name = Debug;
		};
		2EAB135B1FAF42EF00F9BFE3 /* Release */ = {
			isa = XCBuildConfiguration;
			baseConfigurationReference = F1FFBE41137E7039ECA7D2A1 /* Pods-Tigerspike GalleryTests.release.xcconfig */;
			buildSettings = {
				ALWAYS_EMBED_SWIFT_STANDARD_LIBRARIES = YES;
				BUNDLE_LOADER = "$(TEST_HOST)";
				CODE_SIGN_STYLE = Automatic;
				INFOPLIST_FILE = "Tigerspike GalleryTests/Info.plist";
				LD_RUNPATH_SEARCH_PATHS = "$(inherited) @executable_path/Frameworks @loader_path/Frameworks";
				PRODUCT_BUNDLE_IDENTIFIER = "com.Josh.Tigerspike-GalleryTests";
				PRODUCT_NAME = "$(TARGET_NAME)";
				SWIFT_VERSION = 4.0;
				TARGETED_DEVICE_FAMILY = "1,2";
				TEST_HOST = "$(BUILT_PRODUCTS_DIR)/Tigerspike Gallery.app/Tigerspike Gallery";
			};
			name = Release;
		};
		2EAB135D1FAF42EF00F9BFE3 /* Debug */ = {
			isa = XCBuildConfiguration;
			baseConfigurationReference = 81019AE5CC560588BE484791 /* Pods-Tigerspike GalleryUITests.debug.xcconfig */;
			buildSettings = {
				ALWAYS_EMBED_SWIFT_STANDARD_LIBRARIES = YES;
				CODE_SIGN_STYLE = Automatic;
				INFOPLIST_FILE = "Tigerspike GalleryUITests/Info.plist";
				LD_RUNPATH_SEARCH_PATHS = "$(inherited) @executable_path/Frameworks @loader_path/Frameworks";
				PRODUCT_BUNDLE_IDENTIFIER = "com.Josh.Tigerspike-GalleryUITests";
				PRODUCT_NAME = "$(TARGET_NAME)";
				SWIFT_VERSION = 4.0;
				TARGETED_DEVICE_FAMILY = "1,2";
				TEST_TARGET_NAME = "Tigerspike Gallery";
			};
			name = Debug;
		};
		2EAB135E1FAF42EF00F9BFE3 /* Release */ = {
			isa = XCBuildConfiguration;
			baseConfigurationReference = BCED835A937A4BDD71C0A4FF /* Pods-Tigerspike GalleryUITests.release.xcconfig */;
			buildSettings = {
				ALWAYS_EMBED_SWIFT_STANDARD_LIBRARIES = YES;
				CODE_SIGN_STYLE = Automatic;
				INFOPLIST_FILE = "Tigerspike GalleryUITests/Info.plist";
				LD_RUNPATH_SEARCH_PATHS = "$(inherited) @executable_path/Frameworks @loader_path/Frameworks";
				PRODUCT_BUNDLE_IDENTIFIER = "com.Josh.Tigerspike-GalleryUITests";
				PRODUCT_NAME = "$(TARGET_NAME)";
				SWIFT_VERSION = 4.0;
				TARGETED_DEVICE_FAMILY = "1,2";
				TEST_TARGET_NAME = "Tigerspike Gallery";
			};
			name = Release;
		};
/* End XCBuildConfiguration section */

/* Begin XCConfigurationList section */
		2EAB13261FAF42EE00F9BFE3 /* Build configuration list for PBXProject "Tigerspike Gallery" */ = {
			isa = XCConfigurationList;
			buildConfigurations = (
				2EAB13541FAF42EF00F9BFE3 /* Debug */,
				2EAB13551FAF42EF00F9BFE3 /* Release */,
			);
			defaultConfigurationIsVisible = 0;
			defaultConfigurationName = Release;
		};
		2EAB13561FAF42EF00F9BFE3 /* Build configuration list for PBXNativeTarget "Tigerspike Gallery" */ = {
			isa = XCConfigurationList;
			buildConfigurations = (
				2EAB13571FAF42EF00F9BFE3 /* Debug */,
				2EAB13581FAF42EF00F9BFE3 /* Release */,
			);
			defaultConfigurationIsVisible = 0;
			defaultConfigurationName = Release;
		};
		2EAB13591FAF42EF00F9BFE3 /* Build configuration list for PBXNativeTarget "Tigerspike GalleryTests" */ = {
			isa = XCConfigurationList;
			buildConfigurations = (
				2EAB135A1FAF42EF00F9BFE3 /* Debug */,
				2EAB135B1FAF42EF00F9BFE3 /* Release */,
			);
			defaultConfigurationIsVisible = 0;
			defaultConfigurationName = Release;
		};
		2EAB135C1FAF42EF00F9BFE3 /* Build configuration list for PBXNativeTarget "Tigerspike GalleryUITests" */ = {
			isa = XCConfigurationList;
			buildConfigurations = (
				2EAB135D1FAF42EF00F9BFE3 /* Debug */,
				2EAB135E1FAF42EF00F9BFE3 /* Release */,
			);
			defaultConfigurationIsVisible = 0;
			defaultConfigurationName = Release;
		};
/* End XCConfigurationList section */

/* Begin XCVersionGroup section */
		2EAB13351FAF42EE00F9BFE3 /* Tigerspike_Gallery.xcdatamodeld */ = {
			isa = XCVersionGroup;
			children = (
				2EAB13361FAF42EE00F9BFE3 /* Tigerspike_Gallery.xcdatamodel */,
			);
			currentVersion = 2EAB13361FAF42EE00F9BFE3 /* Tigerspike_Gallery.xcdatamodel */;
			path = Tigerspike_Gallery.xcdatamodeld;
			sourceTree = "<group>";
			versionGroupType = wrapper.xcdatamodel;
		};
/* End XCVersionGroup section */
	};
	rootObject = 2EAB13231FAF42EE00F9BFE3 /* Project object */;
}
